
Microsoft Visual Studio Solution File, Format Version 12.00
# Visual Studio 15
Project("{FAE04EC0-301F-11D3-BF4B-00C04F79EFBC}") = "egui", "egui\egui.csproj", "{79E834DD-C241-4C5C-95C2-FFEFC7D886C7}"
EndProject
Global
	GlobalSection(SolutionConfigurationPlatforms) = preSolution
		Debug|Any CPU = Debug|Any CPU
		Release|Any CPU = Release|Any CPU
	EndGlobalSection
	GlobalSection(ProjectConfigurationPlatforms) = postSolution
		{79E834DD-C241-4C5C-95C2-FFEFC7D886C7}.Debug|Any CPU.ActiveCfg = Debug|Any CPU
		{79E834DD-C241-4C5C-95C2-FFEFC7D886C7}.Debug|Any CPU.Build.0 = Debug|Any CPU
		{79E834DD-C241-4C5C-95C2-FFEFC7D886C7}.Release|Any CPU.ActiveCfg = Release|Any CPU
		{79E834DD-C241-4C5C-95C2-FFEFC7D886C7}.Release|Any CPU.Build.0 = Release|Any CPU
	EndGlobalSection
EndGlobal
